
Microsoft Visual Studio Solution File, Format Version 12.00
# Visual Studio Version 16
VisualStudioVersion = 16.0.29123.88
MinimumVisualStudioVersion = 10.0.40219.1
Project("{FAE04EC0-301F-11D3-BF4B-00C04F79EFBC}") = "DING DONG", "DING DONG\DING DONG.csproj", "{FE7E993F-48C1-4DC3-839D-83D5EAF3CC41}"
EndProject
Global
	GlobalSection(SolutionConfigurationPlatforms) = preSolution
		Debug|Any CPU = Debug|Any CPU
		Release|Any CPU = Release|Any CPU
	EndGlobalSection
	GlobalSection(ProjectConfigurationPlatforms) = postSolution
		{FE7E993F-48C1-4DC3-839D-83D5EAF3CC41}.Debug|Any CPU.ActiveCfg = Debug|Any CPU
		{FE7E993F-48C1-4DC3-839D-83D5EAF3CC41}.Debug|Any CPU.Build.0 = Debug|Any CPU
		{FE7E993F-48C1-4DC3-839D-83D5EAF3CC41}.Release|Any CPU.ActiveCfg = Release|Any CPU
		{FE7E993F-48C1-4DC3-839D-83D5EAF3CC41}.Release|Any CPU.Build.0 = Release|Any CPU
	EndGlobalSection
	GlobalSection(SolutionProperties) = preSolution
		HideSolutionNode = FALSE
	EndGlobalSection
	GlobalSection(ExtensibilityGlobals) = postSolution
		SolutionGuid = {C3F9AE9A-CF5A-4EED-A4E6-CA8AB754B320}
	EndGlobalSection
EndGlobal
